
Microsoft Visual Studio Solution File, Format Version 12.00
# Visual Studio Version 17
VisualStudioVersion = 17.3.32819.101
MinimumVisualStudioVersion = 10.0.40219.1
Project("{FAE04EC0-301F-11D3-BF4B-00C04F79EFBC}") = "Xamarinconversor.Android", "Xamarinconversor.Android\Xamarinconversor.Android.csproj", "{FA261A63-4FFE-4BED-9ACA-4B7FC768620A}"
EndProject
Project("{FAE04EC0-301F-11D3-BF4B-00C04F79EFBC}") = "Xamarinconversor.iOS", "Xamarinconversor.iOS\Xamarinconversor.iOS.csproj", "{8619CC92-FD9A-49A3-9F72-5697CB8FF87A}"
EndProject
Project("{FAE04EC0-301F-11D3-BF4B-00C04F79EFBC}") = "Xamarinconversor", "Xamarinconversor\Xamarinconversor.csproj", "{48F923E9-7E06-42F3-85D8-41323D6BC701}"
EndProject
Global
	GlobalSection(SolutionConfigurationPlatforms) = preSolution
		Debug|Any CPU = Debug|Any CPU
		Debug|iPhone = Debug|iPhone
		Debug|iPhoneSimulator = Debug|iPhoneSimulator
		Release|Any CPU = Release|Any CPU
		Release|iPhone = Release|iPhone
		Release|iPhoneSimulator = Release|iPhoneSimulator
	EndGlobalSection
	GlobalSection(ProjectConfigurationPlatforms) = postSolution
		{FA261A63-4FFE-4BED-9ACA-4B7FC768620A}.Debug|Any CPU.ActiveCfg = Debug|Any CPU
		{FA261A63-4FFE-4BED-9ACA-4B7FC768620A}.Debug|Any CPU.Build.0 = Debug|Any CPU
		{FA261A63-4FFE-4BED-9ACA-4B7FC768620A}.Debug|Any CPU.Deploy.0 = Debug|Any CPU
		{FA261A63-4FFE-4BED-9ACA-4B7FC768620A}.Debug|iPhone.ActiveCfg = Debug|Any CPU
		{FA261A63-4FFE-4BED-9ACA-4B7FC768620A}.Debug|iPhone.Build.0 = Debug|Any CPU
		{FA261A63-4FFE-4BED-9ACA-4B7FC768620A}.Debug|iPhone.Deploy.0 = Debug|Any CPU
		{FA261A63-4FFE-4BED-9ACA-4B7FC768620A}.Debug|iPhoneSimulator.ActiveCfg = Debug|Any CPU
		{FA261A63-4FFE-4BED-9ACA-4B7FC768620A}.Debug|iPhoneSimulator.Build.0 = Debug|Any CPU
		{FA261A63-4FFE-4BED-9ACA-4B7FC768620A}.Debug|iPhoneSimulator.Deploy.0 = Debug|Any CPU
		{FA261A63-4FFE-4BED-9ACA-4B7FC768620A}.Release|Any CPU.ActiveCfg = Release|Any CPU
		{FA261A63-4FFE-4BED-9ACA-4B7FC768620A}.Release|Any CPU.Build.0 = Release|Any CPU
		{FA261A63-4FFE-4BED-9ACA-4B7FC768620A}.Release|Any CPU.Deploy.0 = Release|Any CPU
		{FA261A63-4FFE-4BED-9ACA-4B7FC768620A}.Release|iPhone.ActiveCfg = Release|Any CPU
		{FA261A63-4FFE-4BED-9ACA-4B7FC768620A}.Release|iPhone.Build.0 = Release|Any CPU
		{FA261A63-4FFE-4BED-9ACA-4B7FC768620A}.Release|iPhone.Deploy.0 = Release|Any CPU
		{FA261A63-4FFE-4BED-9ACA-4B7FC768620A}.Release|iPhoneSimulator.ActiveCfg = Release|Any CPU
		{FA261A63-4FFE-4BED-9ACA-4B7FC768620A}.Release|iPhoneSimulator.Build.0 = Release|Any CPU
		{FA261A63-4FFE-4BED-9ACA-4B7FC768620A}.Release|iPhoneSimulator.Deploy.0 = Release|Any CPU
		{8619CC92-FD9A-49A3-9F72-5697CB8FF87A}.Debug|Any CPU.ActiveCfg = Debug|iPhone
		{8619CC92-FD9A-49A3-9F72-5697CB8FF87A}.Debug|Any CPU.Build.0 = Debug|iPhone
		{8619CC92-FD9A-49A3-9F72-5697CB8FF87A}.Debug|Any CPU.Deploy.0 = Debug|iPhone
		{8619CC92-FD9A-49A3-9F72-5697CB8FF87A}.Debug|iPhone.ActiveCfg = Debug|iPhone
		{8619CC92-FD9A-49A3-9F72-5697CB8FF87A}.Debug|iPhone.Build.0 = Debug|iPhone
		{8619CC92-FD9A-49A3-9F72-5697CB8FF87A}.Debug|iPhone.Deploy.0 = Debug|iPhone
		{8619CC92-FD9A-49A3-9F72-5697CB8FF87A}.Debug|iPhoneSimulator.ActiveCfg = Debug|iPhoneSimulator
		{8619CC92-FD9A-49A3-9F72-5697CB8FF87A}.Debug|iPhoneSimulator.Build.0 = Debug|iPhoneSimulator
		{8619CC92-FD9A-49A3-9F72-5697CB8FF87A}.Debug|iPhoneSimulator.Deploy.0 = Debug|iPhoneSimulator
		{8619CC92-FD9A-49A3-9F72-5697CB8FF87A}.Release|Any CPU.ActiveCfg = Release|iPhoneSimulator
		{8619CC92-FD9A-49A3-9F72-5697CB8FF87A}.Release|Any CPU.Build.0 = Release|iPhoneSimulator
		{8619CC92-FD9A-49A3-9F72-5697CB8FF87A}.Release|Any CPU.Deploy.0 = Release|iPhoneSimulator
		{8619CC92-FD9A-49A3-9F72-5697CB8FF87A}.Release|iPhone.ActiveCfg = Release|iPhone
		{8619CC92-FD9A-49A3-9F72-5697CB8FF87A}.Release|iPhone.Build.0 = Release|iPhone
		{8619CC92-FD9A-49A3-9F72-5697CB8FF87A}.Release|iPhone.Deploy.0 = Release|iPhone
		{8619CC92-FD9A-49A3-9F72-5697CB8FF87A}.Release|iPhoneSimulator.ActiveCfg = Release|iPhoneSimulator
		{8619CC92-FD9A-49A3-9F72-5697CB8FF87A}.Release|iPhoneSimulator.Build.0 = Release|iPhoneSimulator
		{8619CC92-FD9A-49A3-9F72-5697CB8FF87A}.Release|iPhoneSimulator.Deploy.0 = Release|iPhoneSimulator
		{48F923E9-7E06-42F3-85D8-41323D6BC701}.Debug|Any CPU.ActiveCfg = Debug|Any CPU
		{48F923E9-7E06-42F3-85D8-41323D6BC701}.Debug|Any CPU.Build.0 = Debug|Any CPU
		{48F923E9-7E06-42F3-85D8-41323D6BC701}.Debug|Any CPU.Deploy.0 = Debug|Any CPU
		{48F923E9-7E06-42F3-85D8-41323D6BC701}.Debug|iPhone.ActiveCfg = Debug|Any CPU
		{48F923E9-7E06-42F3-85D8-41323D6BC701}.Debug|iPhone.Build.0 = Debug|Any CPU
		{48F923E9-7E06-42F3-85D8-41323D6BC701}.Debug|iPhone.Deploy.0 = Debug|Any CPU
		{48F923E9-7E06-42F3-85D8-41323D6BC701}.Debug|iPhoneSimulator.ActiveCfg = Debug|Any CPU
		{48F923E9-7E06-42F3-85D8-41323D6BC701}.Debug|iPhoneSimulator.Build.0 = Debug|Any CPU
		{48F923E9-7E06-42F3-85D8-41323D6BC701}.Debug|iPhoneSimulator.Deploy.0 = Debug|Any CPU
		{48F923E9-7E06-42F3-85D8-41323D6BC701}.Release|Any CPU.ActiveCfg = Release|Any CPU
		{48F923E9-7E06-42F3-85D8-41323D6BC701}.Release|Any CPU.Build.0 = Release|Any CPU
		{48F923E9-7E06-42F3-85D8-41323D6BC701}.Release|Any CPU.Deploy.0 = Release|Any CPU
		{48F923E9-7E06-42F3-85D8-41323D6BC701}.Release|iPhone.ActiveCfg = Release|Any CPU
		{48F923E9-7E06-42F3-85D8-41323D6BC701}.Release|iPhone.Build.0 = Release|Any CPU
		{48F923E9-7E06-42F3-85D8-41323D6BC701}.Release|iPhone.Deploy.0 = Release|Any CPU
		{48F923E9-7E06-42F3-85D8-41323D6BC701}.Release|iPhoneSimulator.ActiveCfg = Release|Any CPU
		{48F923E9-7E06-42F3-85D8-41323D6BC701}.Release|iPhoneSimulator.Build.0 = Release|Any CPU
		{48F923E9-7E06-42F3-85D8-41323D6BC701}.Release|iPhoneSimulator.Deploy.0 = Release|Any CPU
	EndGlobalSection
	GlobalSection(SolutionProperties) = preSolution
		HideSolutionNode = FALSE
	EndGlobalSection
	GlobalSection(ExtensibilityGlobals) = postSolution
		SolutionGuid = {70DF3602-D317-4CC0-A5DE-8F3C5D45A9C5}
	EndGlobalSection
EndGlobal
